
Microsoft Visual Studio Solution File, Format Version 12.00
# Visual Studio Version 16
VisualStudioVersion = 16.0.29025.244
MinimumVisualStudioVersion = 10.0.40219.1
Project("{FAE04EC0-301F-11D3-BF4B-00C04F79EFBC}") = "Örnek1", "Örnek1\Örnek1.csproj", "{EF24E499-4DB0-43D8-A8E6-1E0074D96C81}"
EndProject
Global
	GlobalSection(SolutionConfigurationPlatforms) = preSolution
		Debug|Any CPU = Debug|Any CPU
		Release|Any CPU = Release|Any CPU
	EndGlobalSection
	GlobalSection(ProjectConfigurationPlatforms) = postSolution
		{EF24E499-4DB0-43D8-A8E6-1E0074D96C81}.Debug|Any CPU.ActiveCfg = Debug|Any CPU
		{EF24E499-4DB0-43D8-A8E6-1E0074D96C81}.Debug|Any CPU.Build.0 = Debug|Any CPU
		{EF24E499-4DB0-43D8-A8E6-1E0074D96C81}.Release|Any CPU.ActiveCfg = Release|Any CPU
		{EF24E499-4DB0-43D8-A8E6-1E0074D96C81}.Release|Any CPU.Build.0 = Release|Any CPU
	EndGlobalSection
	GlobalSection(SolutionProperties) = preSolution
		HideSolutionNode = FALSE
	EndGlobalSection
	GlobalSection(ExtensibilityGlobals) = postSolution
		SolutionGuid = {F732C53A-D3BA-4F08-9DBA-65AD80A27795}
	EndGlobalSection
EndGlobal
